
Microsoft Visual Studio Solution File, Format Version 12.00
# Visual Studio 15
VisualStudioVersion = 15.0.28307.136
MinimumVisualStudioVersion = 10.0.40219.1
Project("{FAE04EC0-301F-11D3-BF4B-00C04F79EFBC}") = "MovieTickets", "MovieTickets\MovieTickets.csproj", "{9DFF8057-5934-4864-B197-5FECF2CE8E21}"
EndProject
Project("{FAE04EC0-301F-11D3-BF4B-00C04F79EFBC}") = "MovieTickects.Servics", "MovieTickects.Servics\MovieTickects.Servics.csproj", "{23B91B6F-9A7A-4AE3-AB04-3185234344F1}"
EndProject
Project("{FAE04EC0-301F-11D3-BF4B-00C04F79EFBC}") = "MovieTicket.Data", "MovieTicket.Data\MovieTicket.Data.csproj", "{528E91D0-3258-4F5F-BE8A-55F54305A63B}"
EndProject
Global
	GlobalSection(SolutionConfigurationPlatforms) = preSolution
		Debug|Any CPU = Debug|Any CPU
		Release|Any CPU = Release|Any CPU
	EndGlobalSection
	GlobalSection(ProjectConfigurationPlatforms) = postSolution
		{9DFF8057-5934-4864-B197-5FECF2CE8E21}.Debug|Any CPU.ActiveCfg = Debug|Any CPU
		{9DFF8057-5934-4864-B197-5FECF2CE8E21}.Debug|Any CPU.Build.0 = Debug|Any CPU
		{9DFF8057-5934-4864-B197-5FECF2CE8E21}.Release|Any CPU.ActiveCfg = Release|Any CPU
		{9DFF8057-5934-4864-B197-5FECF2CE8E21}.Release|Any CPU.Build.0 = Release|Any CPU
		{23B91B6F-9A7A-4AE3-AB04-3185234344F1}.Debug|Any CPU.ActiveCfg = Debug|Any CPU
		{23B91B6F-9A7A-4AE3-AB04-3185234344F1}.Debug|Any CPU.Build.0 = Debug|Any CPU
		{23B91B6F-9A7A-4AE3-AB04-3185234344F1}.Release|Any CPU.ActiveCfg = Release|Any CPU
		{23B91B6F-9A7A-4AE3-AB04-3185234344F1}.Release|Any CPU.Build.0 = Release|Any CPU
		{528E91D0-3258-4F5F-BE8A-55F54305A63B}.Debug|Any CPU.ActiveCfg = Debug|Any CPU
		{528E91D0-3258-4F5F-BE8A-55F54305A63B}.Debug|Any CPU.Build.0 = Debug|Any CPU
		{528E91D0-3258-4F5F-BE8A-55F54305A63B}.Release|Any CPU.ActiveCfg = Release|Any CPU
		{528E91D0-3258-4F5F-BE8A-55F54305A63B}.Release|Any CPU.Build.0 = Release|Any CPU
	EndGlobalSection
	GlobalSection(SolutionProperties) = preSolution
		HideSolutionNode = FALSE
	EndGlobalSection
	GlobalSection(ExtensibilityGlobals) = postSolution
		SolutionGuid = {15FBF967-81F9-4327-B2E5-D42726FB032A}
	EndGlobalSection
EndGlobal
